
Microsoft Visual Studio Solution File, Format Version 12.00
Project("{FAE04EC0-301F-11D3-BF4B-00C04F79EFBC}") = "TravelExperienceAI.Api", "TravelExperienceAI.Api\TravelExperienceAI.Api.csproj", "{FE3769E5-0785-4ABA-AFBE-CE340D2CEE21}"
EndProject
Project("{FAE04EC0-301F-11D3-BF4B-00C04F79EFBC}") = "TravelExperienceAI.Service", "TravelExperienceAI.Service\TravelExperienceAI.Service.csproj", "{15B7E4AD-C383-4707-A389-613DB17536E0}"
EndProject
Global
	GlobalSection(SolutionConfigurationPlatforms) = preSolution
		Debug|Any CPU = Debug|Any CPU
		Release|Any CPU = Release|Any CPU
	EndGlobalSection
	GlobalSection(ProjectConfigurationPlatforms) = postSolution
		{FE3769E5-0785-4ABA-AFBE-CE340D2CEE21}.Debug|Any CPU.ActiveCfg = Debug|Any CPU
		{FE3769E5-0785-4ABA-AFBE-CE340D2CEE21}.Debug|Any CPU.Build.0 = Debug|Any CPU
		{FE3769E5-0785-4ABA-AFBE-CE340D2CEE21}.Release|Any CPU.ActiveCfg = Release|Any CPU
		{FE3769E5-0785-4ABA-AFBE-CE340D2CEE21}.Release|Any CPU.Build.0 = Release|Any CPU
		{15B7E4AD-C383-4707-A389-613DB17536E0}.Debug|Any CPU.ActiveCfg = Debug|Any CPU
		{15B7E4AD-C383-4707-A389-613DB17536E0}.Debug|Any CPU.Build.0 = Debug|Any CPU
		{15B7E4AD-C383-4707-A389-613DB17536E0}.Release|Any CPU.ActiveCfg = Release|Any CPU
		{15B7E4AD-C383-4707-A389-613DB17536E0}.Release|Any CPU.Build.0 = Release|Any CPU
	EndGlobalSection
EndGlobal
